
Microsoft Visual Studio Solution File, Format Version 12.00
# Visual Studio Version 17
VisualStudioVersion = 17.0.31903.59
MinimumVisualStudioVersion = 10.0.40219.1
Project("{FAE04EC0-301F-11D3-BF4B-00C04F79EFBC}") = "PrivacyNet", "Privacy.NET\PrivacyNet.csproj", "{1C0992A0-E4E4-4D4A-B736-13147B0C9F84}"
EndProject
Project("{FAE04EC0-301F-11D3-BF4B-00C04F79EFBC}") = "PrivacyNet.Tests", "PrivacyNet.Tests\PrivacyNet.Tests.csproj", "{78845FE4-9575-4EB3-A35A-EECEADDA6346}"
EndProject
Global
	GlobalSection(SolutionConfigurationPlatforms) = preSolution
		Debug|Any CPU = Debug|Any CPU
		Release|Any CPU = Release|Any CPU
	EndGlobalSection
	GlobalSection(ProjectConfigurationPlatforms) = postSolution
		{1C0992A0-E4E4-4D4A-B736-13147B0C9F84}.Debug|Any CPU.ActiveCfg = Debug|Any CPU
		{1C0992A0-E4E4-4D4A-B736-13147B0C9F84}.Debug|Any CPU.Build.0 = Debug|Any CPU
		{1C0992A0-E4E4-4D4A-B736-13147B0C9F84}.Release|Any CPU.ActiveCfg = Release|Any CPU
		{1C0992A0-E4E4-4D4A-B736-13147B0C9F84}.Release|Any CPU.Build.0 = Release|Any CPU
		{78845FE4-9575-4EB3-A35A-EECEADDA6346}.Debug|Any CPU.ActiveCfg = Debug|Any CPU
		{78845FE4-9575-4EB3-A35A-EECEADDA6346}.Debug|Any CPU.Build.0 = Debug|Any CPU
		{78845FE4-9575-4EB3-A35A-EECEADDA6346}.Release|Any CPU.ActiveCfg = Release|Any CPU
		{78845FE4-9575-4EB3-A35A-EECEADDA6346}.Release|Any CPU.Build.0 = Release|Any CPU
	EndGlobalSection
	GlobalSection(SolutionProperties) = preSolution
		HideSolutionNode = FALSE
	EndGlobalSection
	GlobalSection(ExtensibilityGlobals) = postSolution
		SolutionGuid = {CC026F95-B17E-488F-BE92-D49CDBE3BCC6}
	EndGlobalSection
EndGlobal
